// !$*UTF8*$!
{
	archiveVersion = 1;
	classes = {
	};
	objectVersion = 46;
	objects = {

/* Begin PBXBuildFile section */
		659CDE2F18E66D4300B24CC6 /* ASTweetTableViewCell.m in Sources */ = {isa = PBXBuildFile; fileRef = 659CDE2D18E66D4300B24CC6 /* ASTweetTableViewCell.m */; };
		659CDE3018E66D4300B24CC6 /* ASTweetTableViewCell.xib in Resources */ = {isa = PBXBuildFile; fileRef = 659CDE2E18E66D4300B24CC6 /* ASTweetTableViewCell.xib */; };
		659CDE3318E677C600B24CC6 /* ASTweet.m in Sources */ = {isa = PBXBuildFile; fileRef = 659CDE3218E677C600B24CC6 /* ASTweet.m */; };
		659CDE3718E72B8800B24CC6 /* ASTweetViewController.m in Sources */ = {isa = PBXBuildFile; fileRef = 659CDE3518E72B8800B24CC6 /* ASTweetViewController.m */; };
		659CDE3818E72B8800B24CC6 /* ASTweetViewController.xib in Resources */ = {isa = PBXBuildFile; fileRef = 659CDE3618E72B8800B24CC6 /* ASTweetViewController.xib */; };
		659CDE3C18E731ED00B24CC6 /* ASDetailedTweetTableViewCell.m in Sources */ = {isa = PBXBuildFile; fileRef = 659CDE3A18E731ED00B24CC6 /* ASDetailedTweetTableViewCell.m */; };
		659CDE3D18E731ED00B24CC6 /* ASDetailedTweetTableViewCell.xib in Resources */ = {isa = PBXBuildFile; fileRef = 659CDE3B18E731ED00B24CC6 /* ASDetailedTweetTableViewCell.xib */; };
		659CDE3F18E737E900B24CC6 /* New@2x.png in Resources */ = {isa = PBXBuildFile; fileRef = 659CDE3E18E737E900B24CC6 /* New@2x.png */; };
		659CDE4318E73B4300B24CC6 /* ASComposeTweetViewController.m in Sources */ = {isa = PBXBuildFile; fileRef = 659CDE4118E73B4300B24CC6 /* ASComposeTweetViewController.m */; };
		659CDE4418E73B4300B24CC6 /* ASComposeTweetViewController.xib in Resources */ = {isa = PBXBuildFile; fileRef = 659CDE4218E73B4300B24CC6 /* ASComposeTweetViewController.xib */; };
		659F84BE18E4BB9D001026E7 /* Default_2x.png in Resources */ = {isa = PBXBuildFile; fileRef = 659F84BC18E4BB9D001026E7 /* Default_2x.png */; };
		659F84BF18E4BB9D001026E7 /* Default_R4.png in Resources */ = {isa = PBXBuildFile; fileRef = 659F84BD18E4BB9D001026E7 /* Default_R4.png */; };
		659F84D018E4BD0C001026E7 /* AppIcon29x29.png in Resources */ = {isa = PBXBuildFile; fileRef = 659F84C018E4BD0C001026E7 /* AppIcon29x29.png */; };
		659F84D118E4BD0C001026E7 /* AppIcon29x29@2x.png in Resources */ = {isa = PBXBuildFile; fileRef = 659F84C118E4BD0C001026E7 /* AppIcon29x29@2x.png */; };
		659F84D218E4BD0C001026E7 /* AppIcon40x40.png in Resources */ = {isa = PBXBuildFile; fileRef = 659F84C218E4BD0C001026E7 /* AppIcon40x40.png */; };
		659F84D318E4BD0C001026E7 /* AppIcon40x40@2x.png in Resources */ = {isa = PBXBuildFile; fileRef = 659F84C318E4BD0C001026E7 /* AppIcon40x40@2x.png */; };
		659F84D418E4BD0C001026E7 /* AppIcon50x50.png in Resources */ = {isa = PBXBuildFile; fileRef = 659F84C418E4BD0C001026E7 /* AppIcon50x50.png */; };
		659F84D518E4BD0C001026E7 /* AppIcon50x50@2x.png in Resources */ = {isa = PBXBuildFile; fileRef = 659F84C518E4BD0C001026E7 /* AppIcon50x50@2x.png */; };
		659F84D618E4BD0C001026E7 /* AppIcon57x57.png in Resources */ = {isa = PBXBuildFile; fileRef = 659F84C618E4BD0C001026E7 /* AppIcon57x57.png */; };
		659F84D718E4BD0C001026E7 /* AppIcon57x57@2x.png in Resources */ = {isa = PBXBuildFile; fileRef = 659F84C718E4BD0C001026E7 /* AppIcon57x57@2x.png */; };
		659F84D818E4BD0C001026E7 /* AppIcon60x60.png in Resources */ = {isa = PBXBuildFile; fileRef = 659F84C818E4BD0C001026E7 /* AppIcon60x60.png */; };
		659F84D918E4BD0C001026E7 /* AppIcon60x60@2x.png in Resources */ = {isa = PBXBuildFile; fileRef = 659F84C918E4BD0C001026E7 /* AppIcon60x60@2x.png */; };
		659F84DA18E4BD0C001026E7 /* AppIcon72x72.png in Resources */ = {isa = PBXBuildFile; fileRef = 659F84CA18E4BD0C001026E7 /* AppIcon72x72.png */; };
		659F84DB18E4BD0C001026E7 /* AppIcon72x72@2x.png in Resources */ = {isa = PBXBuildFile; fileRef = 659F84CB18E4BD0C001026E7 /* AppIcon72x72@2x.png */; };
		659F84DC18E4BD0C001026E7 /* AppIcon76x76.png in Resources */ = {isa = PBXBuildFile; fileRef = 659F84CC18E4BD0C001026E7 /* AppIcon76x76.png */; };
		659F84DD18E4BD0C001026E7 /* AppIcon76x76@2x.png in Resources */ = {isa = PBXBuildFile; fileRef = 659F84CD18E4BD0C001026E7 /* AppIcon76x76@2x.png */; };
		659F84DE18E4BD0C001026E7 /* iTunesArtwork.png in Resources */ = {isa = PBXBuildFile; fileRef = 659F84CE18E4BD0C001026E7 /* iTunesArtwork.png */; };
		659F84DF18E4BD0C001026E7 /* iTunesArtwork@2x.png in Resources */ = {isa = PBXBuildFile; fileRef = 659F84CF18E4BD0C001026E7 /* iTunesArtwork@2x.png */; };
		65B74EF918E3EE2300169B3A /* Foundation.framework in Frameworks */ = {isa = PBXBuildFile; fileRef = 65B74EF818E3EE2300169B3A /* Foundation.framework */; };
		65B74EFB18E3EE2300169B3A /* CoreGraphics.framework in Frameworks */ = {isa = PBXBuildFile; fileRef = 65B74EFA18E3EE2300169B3A /* CoreGraphics.framework */; };
		65B74EFD18E3EE2300169B3A /* UIKit.framework in Frameworks */ = {isa = PBXBuildFile; fileRef = 65B74EFC18E3EE2300169B3A /* UIKit.framework */; };
		65B74F0318E3EE2300169B3A /* InfoPlist.strings in Resources */ = {isa = PBXBuildFile; fileRef = 65B74F0118E3EE2300169B3A /* InfoPlist.strings */; };
		65B74F0518E3EE2300169B3A /* main.m in Sources */ = {isa = PBXBuildFile; fileRef = 65B74F0418E3EE2300169B3A /* main.m */; };
		65B74F0918E3EE2300169B3A /* ASAppDelegate.m in Sources */ = {isa = PBXBuildFile; fileRef = 65B74F0818E3EE2300169B3A /* ASAppDelegate.m */; };
		65B74F0B18E3EE2300169B3A /* Images.xcassets in Resources */ = {isa = PBXBuildFile; fileRef = 65B74F0A18E3EE2300169B3A /* Images.xcassets */; };
		65B74F1218E3EE2300169B3A /* XCTest.framework in Frameworks */ = {isa = PBXBuildFile; fileRef = 65B74F1118E3EE2300169B3A /* XCTest.framework */; };
		65B74F1318E3EE2300169B3A /* Foundation.framework in Frameworks */ = {isa = PBXBuildFile; fileRef = 65B74EF818E3EE2300169B3A /* Foundation.framework */; };
		65B74F1418E3EE2300169B3A /* UIKit.framework in Frameworks */ = {isa = PBXBuildFile; fileRef = 65B74EFC18E3EE2300169B3A /* UIKit.framework */; };
		65B74F1C18E3EE2300169B3A /* InfoPlist.strings in Resources */ = {isa = PBXBuildFile; fileRef = 65B74F1A18E3EE2300169B3A /* InfoPlist.strings */; };
		65B74F1E18E3EE2300169B3A /* ASTweetTests.m in Sources */ = {isa = PBXBuildFile; fileRef = 65B74F1D18E3EE2300169B3A /* ASTweetTests.m */; };
		65B74F3018E3F06D00169B3A /* ASTimelineViewController.m in Sources */ = {isa = PBXBuildFile; fileRef = 65B74F2E18E3F06D00169B3A /* ASTimelineViewController.m */; };
		65B74F3118E3F06D00169B3A /* ASTimelineViewController.xib in Resources */ = {isa = PBXBuildFile; fileRef = 65B74F2F18E3F06D00169B3A /* ASTimelineViewController.xib */; };
		65B74F3A18E3F94900169B3A /* ASTwitterAPI.m in Sources */ = {isa = PBXBuildFile; fileRef = 65B74F3918E3F94900169B3A /* ASTwitterAPI.m */; };
		65D0AC3A18E7409700C4637B /* TwitterAPI.plist in Resources */ = {isa = PBXBuildFile; fileRef = 65D0AC3918E7409700C4637B /* TwitterAPI.plist */; };
		65D0AC3E18E74DB000C4637B /* ASDetailedTweetStatusTableViewCell.m in Sources */ = {isa = PBXBuildFile; fileRef = 65D0AC3C18E74DB000C4637B /* ASDetailedTweetStatusTableViewCell.m */; };
		65D0AC3F18E74DB000C4637B /* ASDetailedTweetStatusTableViewCell.xib in Resources */ = {isa = PBXBuildFile; fileRef = 65D0AC3D18E74DB000C4637B /* ASDetailedTweetStatusTableViewCell.xib */; };
		65D0AC4318E74EF600C4637B /* ASDetailedTweetActionsTableViewCell.m in Sources */ = {isa = PBXBuildFile; fileRef = 65D0AC4118E74EF600C4637B /* ASDetailedTweetActionsTableViewCell.m */; };
		65D0AC4418E74EF600C4637B /* ASDetailedTweetActionsTableViewCell.xib in Resources */ = {isa = PBXBuildFile; fileRef = 65D0AC4218E74EF600C4637B /* ASDetailedTweetActionsTableViewCell.xib */; };
		65D0AC4C18E74FCE00C4637B /* Favorites.png in Resources */ = {isa = PBXBuildFile; fileRef = 65D0AC4518E74FCE00C4637B /* Favorites.png */; };
		65D0AC4D18E74FCE00C4637B /* Favorites@2x.png in Resources */ = {isa = PBXBuildFile; fileRef = 65D0AC4618E74FCE00C4637B /* Favorites@2x.png */; };
		65D0AC4E18E74FCE00C4637B /* New.png in Resources */ = {isa = PBXBuildFile; fileRef = 65D0AC4718E74FCE00C4637B /* New.png */; };
		65D0AC4F18E74FCE00C4637B /* Reply.png in Resources */ = {isa = PBXBuildFile; fileRef = 65D0AC4818E74FCE00C4637B /* Reply.png */; };
		65D0AC5018E74FCE00C4637B /* Reply@2x.png in Resources */ = {isa = PBXBuildFile; fileRef = 65D0AC4918E74FCE00C4637B /* Reply@2x.png */; };
		65D0AC5118E74FCE00C4637B /* Syncing.png in Resources */ = {isa = PBXBuildFile; fileRef = 65D0AC4A18E74FCE00C4637B /* Syncing.png */; };
		65D0AC5218E74FCE00C4637B /* Syncing@2x.png in Resources */ = {isa = PBXBuildFile; fileRef = 65D0AC4B18E74FCE00C4637B /* Syncing@2x.png */; };
		65DFB17B18E5322200D34992 /* ASUser.m in Sources */ = {isa = PBXBuildFile; fileRef = 65DFB17A18E5322200D34992 /* ASUser.m */; };
		65E4E52D18EFAFFB00559B80 /* ASHamburgerViewController.m in Sources */ = {isa = PBXBuildFile; fileRef = 65E4E52B18EFAFFB00559B80 /* ASHamburgerViewController.m */; };
		65E4E52E18EFAFFB00559B80 /* ASHamburgerViewController.xib in Resources */ = {isa = PBXBuildFile; fileRef = 65E4E52C18EFAFFB00559B80 /* ASHamburgerViewController.xib */; };
		65E4E53018EFC4B800559B80 /* menu.png in Resources */ = {isa = PBXBuildFile; fileRef = 65E4E52F18EFC4B800559B80 /* menu.png */; };
		65E4E53418EFCAE400559B80 /* ASMainViewController.m in Sources */ = {isa = PBXBuildFile; fileRef = 65E4E53218EFCAE400559B80 /* ASMainViewController.m */; };
		65E4E53518EFCAE400559B80 /* ASMainViewController.xib in Resources */ = {isa = PBXBuildFile; fileRef = 65E4E53318EFCAE400559B80 /* ASMainViewController.xib */; };
		65E4E53918F0B87400559B80 /* ASProfileViewController.m in Sources */ = {isa = PBXBuildFile; fileRef = 65E4E53718F0B87400559B80 /* ASProfileViewController.m */; };
		65E4E53A18F0B87400559B80 /* ASProfileViewController.xib in Resources */ = {isa = PBXBuildFile; fileRef = 65E4E53818F0B87400559B80 /* ASProfileViewController.xib */; };
		65E4E54118F1CC7E00559B80 /* ASProfileStatsTableViewCell.m in Sources */ = {isa = PBXBuildFile; fileRef = 65E4E53F18F1CC7E00559B80 /* ASProfileStatsTableViewCell.m */; };
		65E4E54218F1CC7E00559B80 /* ASProfileStatsTableViewCell.xib in Resources */ = {isa = PBXBuildFile; fileRef = 65E4E54018F1CC7E00559B80 /* ASProfileStatsTableViewCell.xib */; };
		CB2F746505D346FB91DCB296 /* libPods.a in Frameworks */ = {isa = PBXBuildFile; fileRef = 01EF68A9299B43758FA4DFF9 /* libPods.a */; };
/* End PBXBuildFile section */

/* Begin PBXContainerItemProxy section */
		65B74F1518E3EE2300169B3A /* PBXContainerItemProxy */ = {
			isa = PBXContainerItemProxy;
			containerPortal = 65B74EED18E3EE2300169B3A /* Project object */;
			proxyType = 1;
			remoteGlobalIDString = 65B74EF418E3EE2300169B3A;
			remoteInfo = ASTweet;
		};
/* End PBXContainerItemProxy section */

/* Begin PBXFileReference section */
		01EF68A9299B43758FA4DFF9 /* libPods.a */ = {isa = PBXFileReference; explicitFileType = archive.ar; includeInIndex = 0; path = libPods.a; sourceTree = BUILT_PRODUCTS_DIR; };
		659CDE2C18E66D4300B24CC6 /* ASTweetTableViewCell.h */ = {isa = PBXFileReference; fileEncoding = 4; lastKnownFileType = sourcecode.c.h; name = ASTweetTableViewCell.h; path = Views/ASTweetTableViewCell.h; sourceTree = "<group>"; };
		659CDE2D18E66D4300B24CC6 /* ASTweetTableViewCell.m */ = {isa = PBXFileReference; fileEncoding = 4; lastKnownFileType = sourcecode.c.objc; name = ASTweetTableViewCell.m; path = Views/ASTweetTableViewCell.m; sourceTree = "<group>"; };
		659CDE2E18E66D4300B24CC6 /* ASTweetTableViewCell.xib */ = {isa = PBXFileReference; fileEncoding = 4; lastKnownFileType = file.xib; name = ASTweetTableViewCell.xib; path = Views/ASTweetTableViewCell.xib; sourceTree = "<group>"; };
		659CDE3118E677C600B24CC6 /* ASTweet.h */ = {isa = PBXFileReference; fileEncoding = 4; lastKnownFileType = sourcecode.c.h; name = ASTweet.h; path = Models/ASTweet.h; sourceTree = "<group>"; };
		659CDE3218E677C600B24CC6 /* ASTweet.m */ = {isa = PBXFileReference; fileEncoding = 4; lastKnownFileType = sourcecode.c.objc; name = ASTweet.m; path = Models/ASTweet.m; sourceTree = "<group>"; };
		659CDE3418E72B8800B24CC6 /* ASTweetViewController.h */ = {isa = PBXFileReference; fileEncoding = 4; lastKnownFileType = sourcecode.c.h; name = ASTweetViewController.h; path = ViewControllers/ASTweetViewController.h; sourceTree = SOURCE_ROOT; };
		659CDE3518E72B8800B24CC6 /* ASTweetViewController.m */ = {isa = PBXFileReference; fileEncoding = 4; lastKnownFileType = sourcecode.c.objc; name = ASTweetViewController.m; path = ViewControllers/ASTweetViewController.m; sourceTree = SOURCE_ROOT; };
		659CDE3618E72B8800B24CC6 /* ASTweetViewController.xib */ = {isa = PBXFileReference; fileEncoding = 4; lastKnownFileType = file.xib; name = ASTweetViewController.xib; path = ViewControllers/ASTweetViewController.xib; sourceTree = SOURCE_ROOT; };
		659CDE3918E731ED00B24CC6 /* ASDetailedTweetTableViewCell.h */ = {isa = PBXFileReference; fileEncoding = 4; lastKnownFileType = sourcecode.c.h; name = ASDetailedTweetTableViewCell.h; path = Views/ASDetailedTweetTableViewCell.h; sourceTree = "<group>"; };
		659CDE3A18E731ED00B24CC6 /* ASDetailedTweetTableViewCell.m */ = {isa = PBXFileReference; fileEncoding = 4; lastKnownFileType = sourcecode.c.objc; name = ASDetailedTweetTableViewCell.m; path = Views/ASDetailedTweetTableViewCell.m; sourceTree = "<group>"; };
		659CDE3B18E731ED00B24CC6 /* ASDetailedTweetTableViewCell.xib */ = {isa = PBXFileReference; fileEncoding = 4; lastKnownFileType = file.xib; name = ASDetailedTweetTableViewCell.xib; path = Views/ASDetailedTweetTableViewCell.xib; sourceTree = "<group>"; };
		659CDE3E18E737E900B24CC6 /* New@2x.png */ = {isa = PBXFileReference; lastKnownFileType = image.png; path = "New@2x.png"; sourceTree = "<group>"; };
		659CDE4018E73B4300B24CC6 /* ASComposeTweetViewController.h */ = {isa = PBXFileReference; fileEncoding = 4; lastKnownFileType = sourcecode.c.h; name = ASComposeTweetViewController.h; path = ViewControllers/ASComposeTweetViewController.h; sourceTree = SOURCE_ROOT; };
		659CDE4118E73B4300B24CC6 /* ASComposeTweetViewController.m */ = {isa = PBXFileReference; fileEncoding = 4; lastKnownFileType = sourcecode.c.objc; name = ASComposeTweetViewController.m; path = ViewControllers/ASComposeTweetViewController.m; sourceTree = SOURCE_ROOT; };
		659CDE4218E73B4300B24CC6 /* ASComposeTweetViewController.xib */ = {isa = PBXFileReference; fileEncoding = 4; lastKnownFileType = file.xib; name = ASComposeTweetViewController.xib; path = ViewControllers/ASComposeTweetViewController.xib; sourceTree = SOURCE_ROOT; };
		659F84BC18E4BB9D001026E7 /* Default_2x.png */ = {isa = PBXFileReference; lastKnownFileType = image.png; path = Default_2x.png; sourceTree = "<group>"; };
		659F84BD18E4BB9D001026E7 /* Default_R4.png */ = {isa = PBXFileReference; lastKnownFileType = image.png; path = Default_R4.png; sourceTree = "<group>"; };
		659F84C018E4BD0C001026E7 /* AppIcon29x29.png */ = {isa = PBXFileReference; lastKnownFileType = image.png; path = AppIcon29x29.png; sourceTree = "<group>"; };
		659F84C118E4BD0C001026E7 /* AppIcon29x29@2x.png */ = {isa = PBXFileReference; lastKnownFileType = image.png; path = "AppIcon29x29@2x.png"; sourceTree = "<group>"; };
		659F84C218E4BD0C001026E7 /* AppIcon40x40.png */ = {isa = PBXFileReference; lastKnownFileType = image.png; path = AppIcon40x40.png; sourceTree = "<group>"; };
		659F84C318E4BD0C001026E7 /* AppIcon40x40@2x.png */ = {isa = PBXFileReference; lastKnownFileType = image.png; path = "AppIcon40x40@2x.png"; sourceTree = "<group>"; };
		659F84C418E4BD0C001026E7 /* AppIcon50x50.png */ = {isa = PBXFileReference; lastKnownFileType = image.png; path = AppIcon50x50.png; sourceTree = "<group>"; };
		659F84C518E4BD0C001026E7 /* AppIcon50x50@2x.png */ = {isa = PBXFileReference; lastKnownFileType = image.png; path = "AppIcon50x50@2x.png"; sourceTree = "<group>"; };
		659F84C618E4BD0C001026E7 /* AppIcon57x57.png */ = {isa = PBXFileReference; lastKnownFileType = image.png; path = AppIcon57x57.png; sourceTree = "<group>"; };
		659F84C718E4BD0C001026E7 /* AppIcon57x57@2x.png */ = {isa = PBXFileReference; lastKnownFileType = image.png; path = "AppIcon57x57@2x.png"; sourceTree = "<group>"; };
		659F84C818E4BD0C001026E7 /* AppIcon60x60.png */ = {isa = PBXFileReference; lastKnownFileType = image.png; path = AppIcon60x60.png; sourceTree = "<group>"; };
		659F84C918E4BD0C001026E7 /* AppIcon60x60@2x.png */ = {isa = PBXFileReference; lastKnownFileType = image.png; path = "AppIcon60x60@2x.png"; sourceTree = "<group>"; };
		659F84CA18E4BD0C001026E7 /* AppIcon72x72.png */ = {isa = PBXFileReference; lastKnownFileType = image.png; path = AppIcon72x72.png; sourceTree = "<group>"; };
		659F84CB18E4BD0C001026E7 /* AppIcon72x72@2x.png */ = {isa = PBXFileReference; lastKnownFileType = image.png; path = "AppIcon72x72@2x.png"; sourceTree = "<group>"; };
		659F84CC18E4BD0C001026E7 /* AppIcon76x76.png */ = {isa = PBXFileReference; lastKnownFileType = image.png; path = AppIcon76x76.png; sourceTree = "<group>"; };
		659F84CD18E4BD0C001026E7 /* AppIcon76x76@2x.png */ = {isa = PBXFileReference; lastKnownFileType = image.png; path = "AppIcon76x76@2x.png"; sourceTree = "<group>"; };
		659F84CE18E4BD0C001026E7 /* iTunesArtwork.png */ = {isa = PBXFileReference; lastKnownFileType = image.png; path = iTunesArtwork.png; sourceTree = "<group>"; };
		659F84CF18E4BD0C001026E7 /* iTunesArtwork@2x.png */ = {isa = PBXFileReference; lastKnownFileType = image.png; path = "iTunesArtwork@2x.png"; sourceTree = "<group>"; };
		65B74EF518E3EE2300169B3A /* ASTweet.app */ = {isa = PBXFileReference; explicitFileType = wrapper.application; includeInIndex = 0; path = ASTweet.app; sourceTree = BUILT_PRODUCTS_DIR; };
		65B74EF818E3EE2300169B3A /* Foundation.framework */ = {isa = PBXFileReference; lastKnownFileType = wrapper.framework; name = Foundation.framework; path = System/Library/Frameworks/Foundation.framework; sourceTree = SDKROOT; };
		65B74EFA18E3EE2300169B3A /* CoreGraphics.framework */ = {isa = PBXFileReference; lastKnownFileType = wrapper.framework; name = CoreGraphics.framework; path = System/Library/Frameworks/CoreGraphics.framework; sourceTree = SDKROOT; };
		65B74EFC18E3EE2300169B3A /* UIKit.framework */ = {isa = PBXFileReference; lastKnownFileType = wrapper.framework; name = UIKit.framework; path = System/Library/Frameworks/UIKit.framework; sourceTree = SDKROOT; };
		65B74F0018E3EE2300169B3A /* ASTweet-Info.plist */ = {isa = PBXFileReference; lastKnownFileType = text.plist.xml; path = "ASTweet-Info.plist"; sourceTree = "<group>"; };
		65B74F0218E3EE2300169B3A /* en */ = {isa = PBXFileReference; lastKnownFileType = text.plist.strings; name = en; path = en.lproj/InfoPlist.strings; sourceTree = "<group>"; };
		65B74F0418E3EE2300169B3A /* main.m */ = {isa = PBXFileReference; lastKnownFileType = sourcecode.c.objc; path = main.m; sourceTree = "<group>"; };
		65B74F0618E3EE2300169B3A /* ASTweet-Prefix.pch */ = {isa = PBXFileReference; lastKnownFileType = sourcecode.c.h; path = "ASTweet-Prefix.pch"; sourceTree = "<group>"; };
		65B74F0718E3EE2300169B3A /* ASAppDelegate.h */ = {isa = PBXFileReference; lastKnownFileType = sourcecode.c.h; path = ASAppDelegate.h; sourceTree = "<group>"; };
		65B74F0818E3EE2300169B3A /* ASAppDelegate.m */ = {isa = PBXFileReference; lastKnownFileType = sourcecode.c.objc; path = ASAppDelegate.m; sourceTree = "<group>"; };
		65B74F0A18E3EE2300169B3A /* Images.xcassets */ = {isa = PBXFileReference; lastKnownFileType = folder.assetcatalog; path = Images.xcassets; sourceTree = "<group>"; };
		65B74F1018E3EE2300169B3A /* ASTweetTests.xctest */ = {isa = PBXFileReference; explicitFileType = wrapper.cfbundle; includeInIndex = 0; path = ASTweetTests.xctest; sourceTree = BUILT_PRODUCTS_DIR; };
		65B74F1118E3EE2300169B3A /* XCTest.framework */ = {isa = PBXFileReference; lastKnownFileType = wrapper.framework; name = XCTest.framework; path = Library/Frameworks/XCTest.framework; sourceTree = DEVELOPER_DIR; };
		65B74F1918E3EE2300169B3A /* ASTweetTests-Info.plist */ = {isa = PBXFileReference; lastKnownFileType = text.plist.xml; path = "ASTweetTests-Info.plist"; sourceTree = "<group>"; };
		65B74F1B18E3EE2300169B3A /* en */ = {isa = PBXFileReference; lastKnownFileType = text.plist.strings; name = en; path = en.lproj/InfoPlist.strings; sourceTree = "<group>"; };
		65B74F1D18E3EE2300169B3A /* ASTweetTests.m */ = {isa = PBXFileReference; lastKnownFileType = sourcecode.c.objc; path = ASTweetTests.m; sourceTree = "<group>"; };
		65B74F2D18E3F06D00169B3A /* ASTimelineViewController.h */ = {isa = PBXFileReference; fileEncoding = 4; lastKnownFileType = sourcecode.c.h; name = ASTimelineViewController.h; path = ViewControllers/ASTimelineViewController.h; sourceTree = SOURCE_ROOT; };
		65B74F2E18E3F06D00169B3A /* ASTimelineViewController.m */ = {isa = PBXFileReference; fileEncoding = 4; lastKnownFileType = sourcecode.c.objc; name = ASTimelineViewController.m; path = ViewControllers/ASTimelineViewController.m; sourceTree = SOURCE_ROOT; };
		65B74F2F18E3F06D00169B3A /* ASTimelineViewController.xib */ = {isa = PBXFileReference; fileEncoding = 4; lastKnownFileType = file.xib; name = ASTimelineViewController.xib; path = ViewControllers/ASTimelineViewController.xib; sourceTree = SOURCE_ROOT; };
		65B74F3818E3F94900169B3A /* ASTwitterAPI.h */ = {isa = PBXFileReference; fileEncoding = 4; lastKnownFileType = sourcecode.c.h; name = ASTwitterAPI.h; path = DAL/ASTwitterAPI.h; sourceTree = "<group>"; };
		65B74F3918E3F94900169B3A /* ASTwitterAPI.m */ = {isa = PBXFileReference; fileEncoding = 4; lastKnownFileType = sourcecode.c.objc; name = ASTwitterAPI.m; path = DAL/ASTwitterAPI.m; sourceTree = "<group>"; };
		65D0AC3918E7409700C4637B /* TwitterAPI.plist */ = {isa = PBXFileReference; fileEncoding = 4; lastKnownFileType = text.plist.xml; path = TwitterAPI.plist; sourceTree = "<group>"; };
		65D0AC3B18E74DB000C4637B /* ASDetailedTweetStatusTableViewCell.h */ = {isa = PBXFileReference; fileEncoding = 4; lastKnownFileType = sourcecode.c.h; name = ASDetailedTweetStatusTableViewCell.h; path = Views/ASDetailedTweetStatusTableViewCell.h; sourceTree = "<group>"; };
		65D0AC3C18E74DB000C4637B /* ASDetailedTweetStatusTableViewCell.m */ = {isa = PBXFileReference; fileEncoding = 4; lastKnownFileType = sourcecode.c.objc; name = ASDetailedTweetStatusTableViewCell.m; path = Views/ASDetailedTweetStatusTableViewCell.m; sourceTree = "<group>"; };
		65D0AC3D18E74DB000C4637B /* ASDetailedTweetStatusTableViewCell.xib */ = {isa = PBXFileReference; fileEncoding = 4; lastKnownFileType = file.xib; name = ASDetailedTweetStatusTableViewCell.xib; path = Views/ASDetailedTweetStatusTableViewCell.xib; sourceTree = "<group>"; };
		65D0AC4018E74EF600C4637B /* ASDetailedTweetActionsTableViewCell.h */ = {isa = PBXFileReference; fileEncoding = 4; lastKnownFileType = sourcecode.c.h; name = ASDetailedTweetActionsTableViewCell.h; path = Views/ASDetailedTweetActionsTableViewCell.h; sourceTree = "<group>"; };
		65D0AC4118E74EF600C4637B /* ASDetailedTweetActionsTableViewCell.m */ = {isa = PBXFileReference; fileEncoding = 4; lastKnownFileType = sourcecode.c.objc; name = ASDetailedTweetActionsTableViewCell.m; path = Views/ASDetailedTweetActionsTableViewCell.m; sourceTree = "<group>"; };
		65D0AC4218E74EF600C4637B /* ASDetailedTweetActionsTableViewCell.xib */ = {isa = PBXFileReference; fileEncoding = 4; lastKnownFileType = file.xib; name = ASDetailedTweetActionsTableViewCell.xib; path = Views/ASDetailedTweetActionsTableViewCell.xib; sourceTree = "<group>"; };
		65D0AC4518E74FCE00C4637B /* Favorites.png */ = {isa = PBXFileReference; lastKnownFileType = image.png; path = Favorites.png; sourceTree = "<group>"; };
		65D0AC4618E74FCE00C4637B /* Favorites@2x.png */ = {isa = PBXFileReference; lastKnownFileType = image.png; path = "Favorites@2x.png"; sourceTree = "<group>"; };
		65D0AC4718E74FCE00C4637B /* New.png */ = {isa = PBXFileReference; lastKnownFileType = image.png; path = New.png; sourceTree = "<group>"; };
		65D0AC4818E74FCE00C4637B /* Reply.png */ = {isa = PBXFileReference; lastKnownFileType = image.png; path = Reply.png; sourceTree = "<group>"; };
		65D0AC4918E74FCE00C4637B /* Reply@2x.png */ = {isa = PBXFileReference; lastKnownFileType = image.png; path = "Reply@2x.png"; sourceTree = "<group>"; };
		65D0AC4A18E74FCE00C4637B /* Syncing.png */ = {isa = PBXFileReference; lastKnownFileType = image.png; path = Syncing.png; sourceTree = "<group>"; };
		65D0AC4B18E74FCE00C4637B /* Syncing@2x.png */ = {isa = PBXFileReference; lastKnownFileType = image.png; path = "Syncing@2x.png"; sourceTree = "<group>"; };
		65DFB17918E5322200D34992 /* ASUser.h */ = {isa = PBXFileReference; fileEncoding = 4; lastKnownFileType = sourcecode.c.h; name = ASUser.h; path = Models/ASUser.h; sourceTree = "<group>"; };
		65DFB17A18E5322200D34992 /* ASUser.m */ = {isa = PBXFileReference; fileEncoding = 4; lastKnownFileType = sourcecode.c.objc; name = ASUser.m; path = Models/ASUser.m; sourceTree = "<group>"; };
		65E4E52A18EFAFFB00559B80 /* ASHamburgerViewController.h */ = {isa = PBXFileReference; fileEncoding = 4; lastKnownFileType = sourcecode.c.h; name = ASHamburgerViewController.h; path = ViewControllers/ASHamburgerViewController.h; sourceTree = SOURCE_ROOT; };
		65E4E52B18EFAFFB00559B80 /* ASHamburgerViewController.m */ = {isa = PBXFileReference; fileEncoding = 4; lastKnownFileType = sourcecode.c.objc; name = ASHamburgerViewController.m; path = ViewControllers/ASHamburgerViewController.m; sourceTree = SOURCE_ROOT; };
		65E4E52C18EFAFFB00559B80 /* ASHamburgerViewController.xib */ = {isa = PBXFileReference; fileEncoding = 4; lastKnownFileType = file.xib; name = ASHamburgerViewController.xib; path = ViewControllers/ASHamburgerViewController.xib; sourceTree = SOURCE_ROOT; };
		65E4E52F18EFC4B800559B80 /* menu.png */ = {isa = PBXFileReference; lastKnownFileType = image.png; path = menu.png; sourceTree = "<group>"; };
		65E4E53118EFCAE400559B80 /* ASMainViewController.h */ = {isa = PBXFileReference; fileEncoding = 4; lastKnownFileType = sourcecode.c.h; path = ASMainViewController.h; sourceTree = "<group>"; };
		65E4E53218EFCAE400559B80 /* ASMainViewController.m */ = {isa = PBXFileReference; fileEncoding = 4; lastKnownFileType = sourcecode.c.objc; path = ASMainViewController.m; sourceTree = "<group>"; };
		65E4E53318EFCAE400559B80 /* ASMainViewController.xib */ = {isa = PBXFileReference; fileEncoding = 4; lastKnownFileType = file.xib; path = ASMainViewController.xib; sourceTree = "<group>"; };
		65E4E53618F0B87400559B80 /* ASProfileViewController.h */ = {isa = PBXFileReference; fileEncoding = 4; lastKnownFileType = sourcecode.c.h; name = ASProfileViewController.h; path = ViewControllers/ASProfileViewController.h; sourceTree = SOURCE_ROOT; };
		65E4E53718F0B87400559B80 /* ASProfileViewController.m */ = {isa = PBXFileReference; fileEncoding = 4; lastKnownFileType = sourcecode.c.objc; name = ASProfileViewController.m; path = ViewControllers/ASProfileViewController.m; sourceTree = SOURCE_ROOT; };
		65E4E53818F0B87400559B80 /* ASProfileViewController.xib */ = {isa = PBXFileReference; fileEncoding = 4; lastKnownFileType = file.xib; name = ASProfileViewController.xib; path = ViewControllers/ASProfileViewController.xib; sourceTree = SOURCE_ROOT; };
		65E4E53E18F1CC7E00559B80 /* ASProfileStatsTableViewCell.h */ = {isa = PBXFileReference; fileEncoding = 4; lastKnownFileType = sourcecode.c.h; name = ASProfileStatsTableViewCell.h; path = Views/ASProfileStatsTableViewCell.h; sourceTree = "<group>"; };
		65E4E53F18F1CC7E00559B80 /* ASProfileStatsTableViewCell.m */ = {isa = PBXFileReference; fileEncoding = 4; lastKnownFileType = sourcecode.c.objc; name = ASProfileStatsTableViewCell.m; path = Views/ASProfileStatsTableViewCell.m; sourceTree = "<group>"; };
		65E4E54018F1CC7E00559B80 /* ASProfileStatsTableViewCell.xib */ = {isa = PBXFileReference; fileEncoding = 4; lastKnownFileType = file.xib; name = ASProfileStatsTableViewCell.xib; path = Views/ASProfileStatsTableViewCell.xib; sourceTree = "<group>"; };
		9310B862D49942FEB937556F /* Pods.xcconfig */ = {isa = PBXFileReference; includeInIndex = 1; lastKnownFileType = text.xcconfig; name = Pods.xcconfig; path = Pods/Pods.xcconfig; sourceTree = "<group>"; };
/* End PBXFileReference section */

/* Begin PBXFrameworksBuildPhase section */
		65B74EF218E3EE2300169B3A /* Frameworks */ = {
			isa = PBXFrameworksBuildPhase;
			buildActionMask = 2147483647;
			files = (
				65B74EFB18E3EE2300169B3A /* CoreGraphics.framework in Frameworks */,
				65B74EFD18E3EE2300169B3A /* UIKit.framework in Frameworks */,
				65B74EF918E3EE2300169B3A /* Foundation.framework in Frameworks */,
				CB2F746505D346FB91DCB296 /* libPods.a in Frameworks */,
			);
			runOnlyForDeploymentPostprocessing = 0;
		};
		65B74F0D18E3EE2300169B3A /* Frameworks */ = {
			isa = PBXFrameworksBuildPhase;
			buildActionMask = 2147483647;
			files = (
				65B74F1218E3EE2300169B3A /* XCTest.framework in Frameworks */,
				65B74F1418E3EE2300169B3A /* UIKit.framework in Frameworks */,
				65B74F1318E3EE2300169B3A /* Foundation.framework in Frameworks */,
			);
			runOnlyForDeploymentPostprocessing = 0;
		};
/* End PBXFrameworksBuildPhase section */

/* Begin PBXGroup section */
		659CDE2B18E66D1E00B24CC6 /* Views */ = {
			isa = PBXGroup;
			children = (
				659CDE2C18E66D4300B24CC6 /* ASTweetTableViewCell.h */,
				659CDE2D18E66D4300B24CC6 /* ASTweetTableViewCell.m */,
				659CDE2E18E66D4300B24CC6 /* ASTweetTableViewCell.xib */,
				659CDE3918E731ED00B24CC6 /* ASDetailedTweetTableViewCell.h */,
				659CDE3A18E731ED00B24CC6 /* ASDetailedTweetTableViewCell.m */,
				659CDE3B18E731ED00B24CC6 /* ASDetailedTweetTableViewCell.xib */,
				65D0AC3B18E74DB000C4637B /* ASDetailedTweetStatusTableViewCell.h */,
				65D0AC3C18E74DB000C4637B /* ASDetailedTweetStatusTableViewCell.m */,
				65D0AC3D18E74DB000C4637B /* ASDetailedTweetStatusTableViewCell.xib */,
				65D0AC4018E74EF600C4637B /* ASDetailedTweetActionsTableViewCell.h */,
				65D0AC4118E74EF600C4637B /* ASDetailedTweetActionsTableViewCell.m */,
				65D0AC4218E74EF600C4637B /* ASDetailedTweetActionsTableViewCell.xib */,
				65E4E53E18F1CC7E00559B80 /* ASProfileStatsTableViewCell.h */,
				65E4E53F18F1CC7E00559B80 /* ASProfileStatsTableViewCell.m */,
				65E4E54018F1CC7E00559B80 /* ASProfileStatsTableViewCell.xib */,
			);
			name = Views;
			sourceTree = "<group>";
		};
		659F84BB18E4BB9D001026E7 /* Assets */ = {
			isa = PBXGroup;
			children = (
				65E4E52F18EFC4B800559B80 /* menu.png */,
				65D0AC4518E74FCE00C4637B /* Favorites.png */,
				65D0AC4618E74FCE00C4637B /* Favorites@2x.png */,
				65D0AC4718E74FCE00C4637B /* New.png */,
				65D0AC4818E74FCE00C4637B /* Reply.png */,
				65D0AC4918E74FCE00C4637B /* Reply@2x.png */,
				65D0AC4A18E74FCE00C4637B /* Syncing.png */,
				65D0AC4B18E74FCE00C4637B /* Syncing@2x.png */,
				659CDE3E18E737E900B24CC6 /* New@2x.png */,
				659F84C018E4BD0C001026E7 /* AppIcon29x29.png */,
				659F84C118E4BD0C001026E7 /* AppIcon29x29@2x.png */,
				659F84C218E4BD0C001026E7 /* AppIcon40x40.png */,
				659F84C318E4BD0C001026E7 /* AppIcon40x40@2x.png */,
				659F84C418E4BD0C001026E7 /* AppIcon50x50.png */,
				659F84C518E4BD0C001026E7 /* AppIcon50x50@2x.png */,
				659F84C618E4BD0C001026E7 /* AppIcon57x57.png */,
				659F84C718E4BD0C001026E7 /* AppIcon57x57@2x.png */,
				659F84C818E4BD0C001026E7 /* AppIcon60x60.png */,
				659F84C918E4BD0C001026E7 /* AppIcon60x60@2x.png */,
				659F84CA18E4BD0C001026E7 /* AppIcon72x72.png */,
				659F84CB18E4BD0C001026E7 /* AppIcon72x72@2x.png */,
				659F84CC18E4BD0C001026E7 /* AppIcon76x76.png */,
				659F84CD18E4BD0C001026E7 /* AppIcon76x76@2x.png */,
				659F84CE18E4BD0C001026E7 /* iTunesArtwork.png */,
				659F84CF18E4BD0C001026E7 /* iTunesArtwork@2x.png */,
				659F84BC18E4BB9D001026E7 /* Default_2x.png */,
				659F84BD18E4BB9D001026E7 /* Default_R4.png */,
			);
			path = Assets;
			sourceTree = "<group>";
		};
		65B74EEC18E3EE2300169B3A = {
			isa = PBXGroup;
			children = (
				65D0AC3918E7409700C4637B /* TwitterAPI.plist */,
				659CDE2B18E66D1E00B24CC6 /* Views */,
				65DFB17818E5320500D34992 /* Models */,
				659F84BB18E4BB9D001026E7 /* Assets */,
				65B74F3718E3F90100169B3A /* DAL */,
				65B74F2C18E3EF4D00169B3A /* ViewControllers */,
				65B74EFE18E3EE2300169B3A /* ASTweet */,
				65B74F1718E3EE2300169B3A /* ASTweetTests */,
				65B74EF718E3EE2300169B3A /* Frameworks */,
				65B74EF618E3EE2300169B3A /* Products */,
				9310B862D49942FEB937556F /* Pods.xcconfig */,
			);
			sourceTree = "<group>";
		};
		65B74EF618E3EE2300169B3A /* Products */ = {
			isa = PBXGroup;
			children = (
				65B74EF518E3EE2300169B3A /* ASTweet.app */,
				65B74F1018E3EE2300169B3A /* ASTweetTests.xctest */,
			);
			name = Products;
			sourceTree = "<group>";
		};
		65B74EF718E3EE2300169B3A /* Frameworks */ = {
			isa = PBXGroup;
			children = (
				65B74EF818E3EE2300169B3A /* Foundation.framework */,
				65B74EFA18E3EE2300169B3A /* CoreGraphics.framework */,
				65B74EFC18E3EE2300169B3A /* UIKit.framework */,
				65B74F1118E3EE2300169B3A /* XCTest.framework */,
				01EF68A9299B43758FA4DFF9 /* libPods.a */,
			);
			name = Frameworks;
			sourceTree = "<group>";
		};
		65B74EFE18E3EE2300169B3A /* ASTweet */ = {
			isa = PBXGroup;
			children = (
				65B74F0718E3EE2300169B3A /* ASAppDelegate.h */,
				65B74F0818E3EE2300169B3A /* ASAppDelegate.m */,
				65B74F0A18E3EE2300169B3A /* Images.xcassets */,
				65B74EFF18E3EE2300169B3A /* Supporting Files */,
			);
			path = ASTweet;
			sourceTree = "<group>";
		};
		65B74EFF18E3EE2300169B3A /* Supporting Files */ = {
			isa = PBXGroup;
			children = (
				65B74F0018E3EE2300169B3A /* ASTweet-Info.plist */,
				65B74F0118E3EE2300169B3A /* InfoPlist.strings */,
				65B74F0418E3EE2300169B3A /* main.m */,
				65B74F0618E3EE2300169B3A /* ASTweet-Prefix.pch */,
			);
			name = "Supporting Files";
			sourceTree = "<group>";
		};
		65B74F1718E3EE2300169B3A /* ASTweetTests */ = {
			isa = PBXGroup;
			children = (
				65B74F1D18E3EE2300169B3A /* ASTweetTests.m */,
				65B74F1818E3EE2300169B3A /* Supporting Files */,
			);
			path = ASTweetTests;
			sourceTree = "<group>";
		};
		65B74F1818E3EE2300169B3A /* Supporting Files */ = {
			isa = PBXGroup;
			children = (
				65B74F1918E3EE2300169B3A /* ASTweetTests-Info.plist */,
				65B74F1A18E3EE2300169B3A /* InfoPlist.strings */,
			);
			name = "Supporting Files";
			sourceTree = "<group>";
		};
		65B74F2C18E3EF4D00169B3A /* ViewControllers */ = {
			isa = PBXGroup;
			children = (
				65B74F2D18E3F06D00169B3A /* ASTimelineViewController.h */,
				65B74F2E18E3F06D00169B3A /* ASTimelineViewController.m */,
				65B74F2F18E3F06D00169B3A /* ASTimelineViewController.xib */,
				659CDE3418E72B8800B24CC6 /* ASTweetViewController.h */,
				659CDE3518E72B8800B24CC6 /* ASTweetViewController.m */,
				659CDE3618E72B8800B24CC6 /* ASTweetViewController.xib */,
				659CDE4018E73B4300B24CC6 /* ASComposeTweetViewController.h */,
				659CDE4118E73B4300B24CC6 /* ASComposeTweetViewController.m */,
				659CDE4218E73B4300B24CC6 /* ASComposeTweetViewController.xib */,
				65E4E52A18EFAFFB00559B80 /* ASHamburgerViewController.h */,
				65E4E52B18EFAFFB00559B80 /* ASHamburgerViewController.m */,
				65E4E52C18EFAFFB00559B80 /* ASHamburgerViewController.xib */,
				65E4E53118EFCAE400559B80 /* ASMainViewController.h */,
				65E4E53218EFCAE400559B80 /* ASMainViewController.m */,
				65E4E53318EFCAE400559B80 /* ASMainViewController.xib */,
				65E4E53618F0B87400559B80 /* ASProfileViewController.h */,
				65E4E53718F0B87400559B80 /* ASProfileViewController.m */,
				65E4E53818F0B87400559B80 /* ASProfileViewController.xib */,
			);
			name = ViewControllers;
			path = ASTweet;
			sourceTree = "<group>";
		};
		65B74F3718E3F90100169B3A /* DAL */ = {
			isa = PBXGroup;
			children = (
				65B74F3818E3F94900169B3A /* ASTwitterAPI.h */,
				65B74F3918E3F94900169B3A /* ASTwitterAPI.m */,
			);
			name = DAL;
			sourceTree = "<group>";
		};
		65DFB17818E5320500D34992 /* Models */ = {
			isa = PBXGroup;
			children = (
				65DFB17918E5322200D34992 /* ASUser.h */,
				65DFB17A18E5322200D34992 /* ASUser.m */,
				659CDE3118E677C600B24CC6 /* ASTweet.h */,
				659CDE3218E677C600B24CC6 /* ASTweet.m */,
			);
			name = Models;
			sourceTree = "<group>";
		};
/* End PBXGroup section */

/* Begin PBXNativeTarget section */
		65B74EF418E3EE2300169B3A /* ASTweet */ = {
			isa = PBXNativeTarget;
			buildConfigurationList = 65B74F2118E3EE2300169B3A /* Build configuration list for PBXNativeTarget "ASTweet" */;
			buildPhases = (
				116F319B9860445580C44C11 /* Check Pods Manifest.lock */,
				65B74EF118E3EE2300169B3A /* Sources */,
				65B74EF218E3EE2300169B3A /* Frameworks */,
				65B74EF318E3EE2300169B3A /* Resources */,
				1BCA3A006BAC4D428CFC8F5F /* Copy Pods Resources */,
			);
			buildRules = (
			);
			dependencies = (
			);
			name = ASTweet;
			productName = ASTweet;
			productReference = 65B74EF518E3EE2300169B3A /* ASTweet.app */;
			productType = "com.apple.product-type.application";
		};
		65B74F0F18E3EE2300169B3A /* ASTweetTests */ = {
			isa = PBXNativeTarget;
			buildConfigurationList = 65B74F2418E3EE2300169B3A /* Build configuration list for PBXNativeTarget "ASTweetTests" */;
			buildPhases = (
				65B74F0C18E3EE2300169B3A /* Sources */,
				65B74F0D18E3EE2300169B3A /* Frameworks */,
				65B74F0E18E3EE2300169B3A /* Resources */,
			);
			buildRules = (
			);
			dependencies = (
				65B74F1618E3EE2300169B3A /* PBXTargetDependency */,
			);
			name = ASTweetTests;
			productName = ASTweetTests;
			productReference = 65B74F1018E3EE2300169B3A /* ASTweetTests.xctest */;
			productType = "com.apple.product-type.bundle.unit-test";
		};
/* End PBXNativeTarget section */

/* Begin PBXProject section */
		65B74EED18E3EE2300169B3A /* Project object */ = {
			isa = PBXProject;
			attributes = {
				CLASSPREFIX = AS;
				LastUpgradeCheck = 0510;
				ORGANIZATIONNAME = "Alexander Seville";
				TargetAttributes = {
					65B74F0F18E3EE2300169B3A = {
						TestTargetID = 65B74EF418E3EE2300169B3A;
					};
				};
			};
			buildConfigurationList = 65B74EF018E3EE2300169B3A /* Build configuration list for PBXProject "ASTweet" */;
			compatibilityVersion = "Xcode 3.2";
			developmentRegion = English;
			hasScannedForEncodings = 0;
			knownRegions = (
				en,
			);
			mainGroup = 65B74EEC18E3EE2300169B3A;
			productRefGroup = 65B74EF618E3EE2300169B3A /* Products */;
			projectDirPath = "";
			projectRoot = "";
			targets = (
				65B74EF418E3EE2300169B3A /* ASTweet */,
				65B74F0F18E3EE2300169B3A /* ASTweetTests */,
			);
		};
/* End PBXProject section */

/* Begin PBXResourcesBuildPhase section */
		65B74EF318E3EE2300169B3A /* Resources */ = {
			isa = PBXResourcesBuildPhase;
			buildActionMask = 2147483647;
			files = (
				659F84D118E4BD0C001026E7 /* AppIcon29x29@2x.png in Resources */,
				65D0AC5018E74FCE00C4637B /* Reply@2x.png in Resources */,
				659F84D218E4BD0C001026E7 /* AppIcon40x40.png in Resources */,
				659F84DC18E4BD0C001026E7 /* AppIcon76x76.png in Resources */,
				65D0AC3A18E7409700C4637B /* TwitterAPI.plist in Resources */,
				65D0AC4E18E74FCE00C4637B /* New.png in Resources */,
				65D0AC4F18E74FCE00C4637B /* Reply.png in Resources */,
				659F84DE18E4BD0C001026E7 /* iTunesArtwork.png in Resources */,
				65D0AC4C18E74FCE00C4637B /* Favorites.png in Resources */,
				65B74F0318E3EE2300169B3A /* InfoPlist.strings in Resources */,
				659F84BF18E4BB9D001026E7 /* Default_R4.png in Resources */,
				65D0AC3F18E74DB000C4637B /* ASDetailedTweetStatusTableViewCell.xib in Resources */,
				65E4E53018EFC4B800559B80 /* menu.png in Resources */,
				659CDE3818E72B8800B24CC6 /* ASTweetViewController.xib in Resources */,
				65D0AC5118E74FCE00C4637B /* Syncing.png in Resources */,
				659F84D818E4BD0C001026E7 /* AppIcon60x60.png in Resources */,
				65E4E53A18F0B87400559B80 /* ASProfileViewController.xib in Resources */,
				65B74F0B18E3EE2300169B3A /* Images.xcassets in Resources */,
				659F84BE18E4BB9D001026E7 /* Default_2x.png in Resources */,
				65D0AC4D18E74FCE00C4637B /* Favorites@2x.png in Resources */,
				659F84D618E4BD0C001026E7 /* AppIcon57x57.png in Resources */,
				659F84D318E4BD0C001026E7 /* AppIcon40x40@2x.png in Resources */,
				65E4E54218F1CC7E00559B80 /* ASProfileStatsTableViewCell.xib in Resources */,
				659F84D018E4BD0C001026E7 /* AppIcon29x29.png in Resources */,
				65D0AC4418E74EF600C4637B /* ASDetailedTweetActionsTableViewCell.xib in Resources */,
				65E4E53518EFCAE400559B80 /* ASMainViewController.xib in Resources */,
				659F84D518E4BD0C001026E7 /* AppIcon50x50@2x.png in Resources */,
				659CDE3018E66D4300B24CC6 /* ASTweetTableViewCell.xib in Resources */,
				659F84DF18E4BD0C001026E7 /* iTunesArtwork@2x.png in Resources */,
				659F84DD18E4BD0C001026E7 /* AppIcon76x76@2x.png in Resources */,
				659F84DA18E4BD0C001026E7 /* AppIcon72x72.png in Resources */,
				65E4E52E18EFAFFB00559B80 /* ASHamburgerViewController.xib in Resources */,
				659CDE3F18E737E900B24CC6 /* New@2x.png in Resources */,
				659CDE3D18E731ED00B24CC6 /* ASDetailedTweetTableViewCell.xib in Resources */,
				659F84D718E4BD0C001026E7 /* AppIcon57x57@2x.png in Resources */,
				659F84DB18E4BD0C001026E7 /* AppIcon72x72@2x.png in Resources */,
				659CDE4418E73B4300B24CC6 /* ASComposeTweetViewController.xib in Resources */,
				65B74F3118E3F06D00169B3A /* ASTimelineViewController.xib in Resources */,
				659F84D918E4BD0C001026E7 /* AppIcon60x60@2x.png in Resources */,
				65D0AC5218E74FCE00C4637B /* Syncing@2x.png in Resources */,
				659F84D418E4BD0C001026E7 /* AppIcon50x50.png in Resources */,
			);
			runOnlyForDeploymentPostprocessing = 0;
		};
		65B74F0E18E3EE2300169B3A /* Resources */ = {
			isa = PBXResourcesBuildPhase;
			buildActionMask = 2147483647;
			files = (
				65B74F1C18E3EE2300169B3A /* InfoPlist.strings in Resources */,
			);
			runOnlyForDeploymentPostprocessing = 0;
		};
/* End PBXResourcesBuildPhase section */

/* Begin PBXShellScriptBuildPhase section */
		116F319B9860445580C44C11 /* Check Pods Manifest.lock */ = {
			isa = PBXShellScriptBuildPhase;
			buildActionMask = 2147483647;
			files = (
			);
			inputPaths = (
			);
			name = "Check Pods Manifest.lock";
			outputPaths = (
			);
			runOnlyForDeploymentPostprocessing = 0;
			shellPath = /bin/sh;
			shellScript = "diff \"${PODS_ROOT}/../Podfile.lock\" \"${PODS_ROOT}/Manifest.lock\" > /dev/null\nif [[ $? != 0 ]] ; then\n    cat << EOM\nerror: The sandbox is not in sync with the Podfile.lock. Run 'pod install' or update your CocoaPods installation.\nEOM\n    exit 1\nfi\n";
			showEnvVarsInLog = 0;
		};
		1BCA3A006BAC4D428CFC8F5F /* Copy Pods Resources */ = {
			isa = PBXShellScriptBuildPhase;
			buildActionMask = 2147483647;
			files = (
			);
			inputPaths = (
			);
			name = "Copy Pods Resources";
			outputPaths = (
			);
			runOnlyForDeploymentPostprocessing = 0;
			shellPath = /bin/sh;
			shellScript = "\"${SRCROOT}/Pods/Pods-resources.sh\"\n";
			showEnvVarsInLog = 0;
		};
/* End PBXShellScriptBuildPhase section */

/* Begin PBXSourcesBuildPhase section */
		65B74EF118E3EE2300169B3A /* Sources */ = {
			isa = PBXSourcesBuildPhase;
			buildActionMask = 2147483647;
			files = (
				65D0AC3E18E74DB000C4637B /* ASDetailedTweetStatusTableViewCell.m in Sources */,
				65B74F0918E3EE2300169B3A /* ASAppDelegate.m in Sources */,
				659CDE3C18E731ED00B24CC6 /* ASDetailedTweetTableViewCell.m in Sources */,
				65E4E52D18EFAFFB00559B80 /* ASHamburgerViewController.m in Sources */,
				659CDE2F18E66D4300B24CC6 /* ASTweetTableViewCell.m in Sources */,
				659CDE3318E677C600B24CC6 /* ASTweet.m in Sources */,
				65B74F0518E3EE2300169B3A /* main.m in Sources */,
				65E4E53418EFCAE400559B80 /* ASMainViewController.m in Sources */,
				659CDE4318E73B4300B24CC6 /* ASComposeTweetViewController.m in Sources */,
				65B74F3A18E3F94900169B3A /* ASTwitterAPI.m in Sources */,
				65DFB17B18E5322200D34992 /* ASUser.m in Sources */,
				65D0AC4318E74EF600C4637B /* ASDetailedTweetActionsTableViewCell.m in Sources */,
				659CDE3718E72B8800B24CC6 /* ASTweetViewController.m in Sources */,
				65E4E53918F0B87400559B80 /* ASProfileViewController.m in Sources */,
				65B74F3018E3F06D00169B3A /* ASTimelineViewController.m in Sources */,
				65E4E54118F1CC7E00559B80 /* ASProfileStatsTableViewCell.m in Sources */,
			);
			runOnlyForDeploymentPostprocessing = 0;
		};
		65B74F0C18E3EE2300169B3A /* Sources */ = {
			isa = PBXSourcesBuildPhase;
			buildActionMask = 2147483647;
			files = (
				65B74F1E18E3EE2300169B3A /* ASTweetTests.m in Sources */,
			);
			runOnlyForDeploymentPostprocessing = 0;
		};
/* End PBXSourcesBuildPhase section */

/* Begin PBXTargetDependency section */
		65B74F1618E3EE2300169B3A /* PBXTargetDependency */ = {
			isa = PBXTargetDependency;
			target = 65B74EF418E3EE2300169B3A /* ASTweet */;
			targetProxy = 65B74F1518E3EE2300169B3A /* PBXContainerItemProxy */;
		};
/* End PBXTargetDependency section */

/* Begin PBXVariantGroup section */
		65B74F0118E3EE2300169B3A /* InfoPlist.strings */ = {
			isa = PBXVariantGroup;
			children = (
				65B74F0218E3EE2300169B3A /* en */,
			);
			name = InfoPlist.strings;
			sourceTree = "<group>";
		};
		65B74F1A18E3EE2300169B3A /* InfoPlist.strings */ = {
			isa = PBXVariantGroup;
			children = (
				65B74F1B18E3EE2300169B3A /* en */,
			);
			name = InfoPlist.strings;
			sourceTree = "<group>";
		};
/* End PBXVariantGroup section */

/* Begin XCBuildConfiguration section */
		65B74F1F18E3EE2300169B3A /* Debug */ = {
			isa = XCBuildConfiguration;
			buildSettings = {
				ALWAYS_SEARCH_USER_PATHS = NO;
				CLANG_CXX_LANGUAGE_STANDARD = "gnu++0x";
				CLANG_CXX_LIBRARY = "libc++";
				CLANG_ENABLE_MODULES = YES;
				CLANG_ENABLE_OBJC_ARC = YES;
				CLANG_WARN_BOOL_CONVERSION = YES;
				CLANG_WARN_CONSTANT_CONVERSION = YES;
				CLANG_WARN_DIRECT_OBJC_ISA_USAGE = YES_ERROR;
				CLANG_WARN_EMPTY_BODY = YES;
				CLANG_WARN_ENUM_CONVERSION = YES;
				CLANG_WARN_INT_CONVERSION = YES;
				CLANG_WARN_OBJC_ROOT_CLASS = YES_ERROR;
				CLANG_WARN__DUPLICATE_METHOD_MATCH = YES;
				"CODE_SIGN_IDENTITY[sdk=iphoneos*]" = "iPhone Developer";
				COPY_PHASE_STRIP = NO;
				GCC_C_LANGUAGE_STANDARD = gnu99;
				GCC_DYNAMIC_NO_PIC = NO;
				GCC_OPTIMIZATION_LEVEL = 0;
				GCC_PREPROCESSOR_DEFINITIONS = (
					"DEBUG=1",
					"$(inherited)",
				);
				GCC_SYMBOLS_PRIVATE_EXTERN = NO;
				GCC_WARN_64_TO_32_BIT_CONVERSION = YES;
				GCC_WARN_ABOUT_RETURN_TYPE = YES_ERROR;
				GCC_WARN_UNDECLARED_SELECTOR = YES;
				GCC_WARN_UNINITIALIZED_AUTOS = YES_AGGRESSIVE;
				GCC_WARN_UNUSED_FUNCTION = YES;
				GCC_WARN_UNUSED_VARIABLE = YES;
				IPHONEOS_DEPLOYMENT_TARGET = 7.1;
				ONLY_ACTIVE_ARCH = YES;
				SDKROOT = iphoneos;
			};
			name = Debug;
		};
		65B74F2018E3EE2300169B3A /* Release */ = {
			isa = XCBuildConfiguration;
			buildSettings = {
				ALWAYS_SEARCH_USER_PATHS = NO;
				CLANG_CXX_LANGUAGE_STANDARD = "gnu++0x";
				CLANG_CXX_LIBRARY = "libc++";
				CLANG_ENABLE_MODULES = YES;
				CLANG_ENABLE_OBJC_ARC = YES;
				CLANG_WARN_BOOL_CONVERSION = YES;
				CLANG_WARN_CONSTANT_CONVERSION = YES;
				CLANG_WARN_DIRECT_OBJC_ISA_USAGE = YES_ERROR;
				CLANG_WARN_EMPTY_BODY = YES;
				CLANG_WARN_ENUM_CONVERSION = YES;
				CLANG_WARN_INT_CONVERSION = YES;
				CLANG_WARN_OBJC_ROOT_CLASS = YES_ERROR;
				CLANG_WARN__DUPLICATE_METHOD_MATCH = YES;
				"CODE_SIGN_IDENTITY[sdk=iphoneos*]" = "iPhone Developer";
				COPY_PHASE_STRIP = YES;
				ENABLE_NS_ASSERTIONS = NO;
				GCC_C_LANGUAGE_STANDARD = gnu99;
				GCC_WARN_64_TO_32_BIT_CONVERSION = YES;
				GCC_WARN_ABOUT_RETURN_TYPE = YES_ERROR;
				GCC_WARN_UNDECLARED_SELECTOR = YES;
				GCC_WARN_UNINITIALIZED_AUTOS = YES_AGGRESSIVE;
				GCC_WARN_UNUSED_FUNCTION = YES;
				GCC_WARN_UNUSED_VARIABLE = YES;
				IPHONEOS_DEPLOYMENT_TARGET = 7.1;
				SDKROOT = iphoneos;
				VALIDATE_PRODUCT = YES;
			};
			name = Release;
		};
		65B74F2218E3EE2300169B3A /* Debug */ = {
			isa = XCBuildConfiguration;
			baseConfigurationReference = 9310B862D49942FEB937556F /* Pods.xcconfig */;
			buildSettings = {
				ASSETCATALOG_COMPILER_APPICON_NAME = AppIcon;
				ASSETCATALOG_COMPILER_LAUNCHIMAGE_NAME = LaunchImage;
				GCC_PRECOMPILE_PREFIX_HEADER = YES;
				GCC_PREFIX_HEADER = "ASTweet/ASTweet-Prefix.pch";
				INFOPLIST_FILE = "ASTweet/ASTweet-Info.plist";
				IPHONEOS_DEPLOYMENT_TARGET = 7.0;
				PRODUCT_NAME = "$(TARGET_NAME)";
				WRAPPER_EXTENSION = app;
			};
			name = Debug;
		};
		65B74F2318E3EE2300169B3A /* Release */ = {
			isa = XCBuildConfiguration;
			baseConfigurationReference = 9310B862D49942FEB937556F /* Pods.xcconfig */;
			buildSettings = {
				ASSETCATALOG_COMPILER_APPICON_NAME = AppIcon;
				ASSETCATALOG_COMPILER_LAUNCHIMAGE_NAME = LaunchImage;
				GCC_PRECOMPILE_PREFIX_HEADER = YES;
				GCC_PREFIX_HEADER = "ASTweet/ASTweet-Prefix.pch";
				INFOPLIST_FILE = "ASTweet/ASTweet-Info.plist";
				IPHONEOS_DEPLOYMENT_TARGET = 7.0;
				PRODUCT_NAME = "$(TARGET_NAME)";
				WRAPPER_EXTENSION = app;
			};
			name = Release;
		};
		65B74F2518E3EE2300169B3A /* Debug */ = {
			isa = XCBuildConfiguration;
			buildSettings = {
				BUNDLE_LOADER = "$(BUILT_PRODUCTS_DIR)/ASTweet.app/ASTweet";
				FRAMEWORK_SEARCH_PATHS = (
					"$(SDKROOT)/Developer/Library/Frameworks",
					"$(inherited)",
					"$(DEVELOPER_FRAMEWORKS_DIR)",
				);
				GCC_PRECOMPILE_PREFIX_HEADER = YES;
				GCC_PREFIX_HEADER = "ASTweet/ASTweet-Prefix.pch";
				GCC_PREPROCESSOR_DEFINITIONS = (
					"DEBUG=1",
					"$(inherited)",
				);
				INFOPLIST_FILE = "ASTweetTests/ASTweetTests-Info.plist";
				PRODUCT_NAME = "$(TARGET_NAME)";
				TEST_HOST = "$(BUNDLE_LOADER)";
				WRAPPER_EXTENSION = xctest;
			};
			name = Debug;
		};
		65B74F2618E3EE2300169B3A /* Release */ = {
			isa = XCBuildConfiguration;
			buildSettings = {
				BUNDLE_LOADER = "$(BUILT_PRODUCTS_DIR)/ASTweet.app/ASTweet";
				FRAMEWORK_SEARCH_PATHS = (
					"$(SDKROOT)/Developer/Library/Frameworks",
					"$(inherited)",
					"$(DEVELOPER_FRAMEWORKS_DIR)",
				);
				GCC_PRECOMPILE_PREFIX_HEADER = YES;
				GCC_PREFIX_HEADER = "ASTweet/ASTweet-Prefix.pch";
				INFOPLIST_FILE = "ASTweetTests/ASTweetTests-Info.plist";
				PRODUCT_NAME = "$(TARGET_NAME)";
				TEST_HOST = "$(BUNDLE_LOADER)";
				WRAPPER_EXTENSION = xctest;
			};
			name = Release;
		};
/* End XCBuildConfiguration section */

/* Begin XCConfigurationList section */
		65B74EF018E3EE2300169B3A /* Build configuration list for PBXProject "ASTweet" */ = {
			isa = XCConfigurationList;
			buildConfigurations = (
				65B74F1F18E3EE2300169B3A /* Debug */,
				65B74F2018E3EE2300169B3A /* Release */,
			);
			defaultConfigurationIsVisible = 0;
			defaultConfigurationName = Release;
		};
		65B74F2118E3EE2300169B3A /* Build configuration list for PBXNativeTarget "ASTweet" */ = {
			isa = XCConfigurationList;
			buildConfigurations = (
				65B74F2218E3EE2300169B3A /* Debug */,
				65B74F2318E3EE2300169B3A /* Release */,
			);
			defaultConfigurationIsVisible = 0;
			defaultConfigurationName = Release;
		};
		65B74F2418E3EE2300169B3A /* Build configuration list for PBXNativeTarget "ASTweetTests" */ = {
			isa = XCConfigurationList;
			buildConfigurations = (
				65B74F2518E3EE2300169B3A /* Debug */,
				65B74F2618E3EE2300169B3A /* Release */,
			);
			defaultConfigurationIsVisible = 0;
			defaultConfigurationName = Release;
		};
/* End XCConfigurationList section */
	};
	rootObject = 65B74EED18E3EE2300169B3A /* Project object */;
}
